{
  "originHash" : "c63ac99ae57698ae87b2de3955145f0eea48f94f714060b7af9143cb00b27651",
  "pins" : [
    {
      "identity" : "flex-dylib",
      "kind" : "remoteSourceControl",
      "location" : "https://github.com/gru2007/FLEX-dylib",
      "state" : {
        "branch" : "master",
        "revision" : "9eb92adc4af9cec6788be893840a242ae79ec434"
      }
    },
    {
      "identity" : "pythonkit",
      "kind" : "remoteSourceControl",
      "location" : "https://github.com/pvieito/PythonKit.git",
      "state" : {
        "revision" : "6fee7617cfa910fbac7035276e295ba967adbbb4",
        "version" : "0.5.1"
      }
    }
  ],
  "version" : 3
}
